// !$*UTF8*$!
{
	archiveVersion = 1;
	classes = {
	};
	objectVersion = 56;
	objects = {

/* Begin PBXBuildFile section */
		6374B8AF296D093500EA4242 /* AllignExtension.swift in Sources */ = {isa = PBXBuildFile; fileRef = 6374B8AE296D093500EA4242 /* AllignExtension.swift */; };
		6374B8B1296D239900EA4242 /* SignUpView.swift in Sources */ = {isa = PBXBuildFile; fileRef = 6374B8B0296D239900EA4242 /* SignUpView.swift */; };
		6374B8B3296D2E8A00EA4242 /* TermsOfUseView.swift in Sources */ = {isa = PBXBuildFile; fileRef = 6374B8B2296D2E8A00EA4242 /* TermsOfUseView.swift */; };
		6374B8B6296D3B1900EA4242 /* isValidEmail.swift in Sources */ = {isa = PBXBuildFile; fileRef = 6374B8B5296D3B1900EA4242 /* isValidEmail.swift */; };
		6374B8C4296DC78600EA4242 /* AuthResponse.swift in Sources */ = {isa = PBXBuildFile; fileRef = 6374B8C3296DC78600EA4242 /* AuthResponse.swift */; };
		6374B8CA296DD30000EA4242 /* AuthError.swift in Sources */ = {isa = PBXBuildFile; fileRef = 6374B8C9296DD30000EA4242 /* AuthError.swift */; };
		6374B8CC296DDB5B00EA4242 /* DuplicatedResponse.swift in Sources */ = {isa = PBXBuildFile; fileRef = 6374B8CB296DDB5B00EA4242 /* DuplicatedResponse.swift */; };
		6374B8CE296DE2D400EA4242 /* AuthStore.swift in Sources */ = {isa = PBXBuildFile; fileRef = 6374B8CD296DE2D400EA4242 /* AuthStore.swift */; };
		6374B8D0296DE99D00EA4242 /* SignInViewModel.swift in Sources */ = {isa = PBXBuildFile; fileRef = 6374B8CF296DE99D00EA4242 /* SignInViewModel.swift */; };
		6374B8D2296DEF1500EA4242 /* ContentView.swift in Sources */ = {isa = PBXBuildFile; fileRef = 6374B8D1296DEF1500EA4242 /* ContentView.swift */; };
		6374B8D6296E37EA00EA4242 /* SignUpViewModel.swift in Sources */ = {isa = PBXBuildFile; fileRef = 6374B8D5296E37EA00EA4242 /* SignUpViewModel.swift */; };
		6374B8D8296E41BA00EA4242 /* ResetPasswordView.swift in Sources */ = {isa = PBXBuildFile; fileRef = 6374B8D7296E41B900EA4242 /* ResetPasswordView.swift */; };
		6374B8DA296E44D200EA4242 /* ResetPasswordViewModel.swift in Sources */ = {isa = PBXBuildFile; fileRef = 6374B8D9296E44D200EA4242 /* ResetPasswordViewModel.swift */; };
		6374B8DC296E451A00EA4242 /* ResetPasswordResponse.swift in Sources */ = {isa = PBXBuildFile; fileRef = 6374B8DB296E451A00EA4242 /* ResetPasswordResponse.swift */; };
		63BDF6BA296CF2C6008B4147 /* MyBulletApp.swift in Sources */ = {isa = PBXBuildFile; fileRef = 63BDF6B9296CF2C6008B4147 /* MyBulletApp.swift */; };
		63BDF6BC296CF2C6008B4147 /* Keeping.swift in Sources */ = {isa = PBXBuildFile; fileRef = 63BDF6BB296CF2C6008B4147 /* Keeping.swift */; };
		63BDF6BE296CF2C7008B4147 /* Assets.xcassets in Resources */ = {isa = PBXBuildFile; fileRef = 63BDF6BD296CF2C7008B4147 /* Assets.xcassets */; };
		63BDF6C1296CF2C7008B4147 /* Preview Assets.xcassets in Resources */ = {isa = PBXBuildFile; fileRef = 63BDF6C0296CF2C7008B4147 /* Preview Assets.xcassets */; };
		63BDF6C3296CF2C7008B4147 /* Persistence.swift in Sources */ = {isa = PBXBuildFile; fileRef = 63BDF6C2296CF2C7008B4147 /* Persistence.swift */; };
		63BDF6C6296CF2C7008B4147 /* MyBullet.xcdatamodeld in Sources */ = {isa = PBXBuildFile; fileRef = 63BDF6C4296CF2C7008B4147 /* MyBullet.xcdatamodeld */; };
		63BDF6CD296CF346008B4147 /* SignInView.swift in Sources */ = {isa = PBXBuildFile; fileRef = 63BDF6CC296CF346008B4147 /* SignInView.swift */; };
		63BDF6D0296CF7F6008B4147 /* FirebaseAuth in Frameworks */ = {isa = PBXBuildFile; productRef = 63BDF6CF296CF7F6008B4147 /* FirebaseAuth */; };
		63BDF6D2296CF7F6008B4147 /* FirebaseFirestore in Frameworks */ = {isa = PBXBuildFile; productRef = 63BDF6D1296CF7F6008B4147 /* FirebaseFirestore */; };
		63BDF6D4296CF7F6008B4147 /* FirebaseFirestoreSwift in Frameworks */ = {isa = PBXBuildFile; productRef = 63BDF6D3296CF7F6008B4147 /* FirebaseFirestoreSwift */; };
		63BDF6D6296CF7F6008B4147 /* FirebaseStorage in Frameworks */ = {isa = PBXBuildFile; productRef = 63BDF6D5296CF7F6008B4147 /* FirebaseStorage */; };
		63BDF6D8296CF8D9008B4147 /* GoogleService-Info.plist in Resources */ = {isa = PBXBuildFile; fileRef = 63BDF6D7296CF8D8008B4147 /* GoogleService-Info.plist */; };
/* End PBXBuildFile section */

/* Begin PBXFileReference section */
		6374B8AE296D093500EA4242 /* AllignExtension.swift */ = {isa = PBXFileReference; lastKnownFileType = sourcecode.swift; path = AllignExtension.swift; sourceTree = "<group>"; };
		6374B8B0296D239900EA4242 /* SignUpView.swift */ = {isa = PBXFileReference; lastKnownFileType = sourcecode.swift; path = SignUpView.swift; sourceTree = "<group>"; };
		6374B8B2296D2E8A00EA4242 /* TermsOfUseView.swift */ = {isa = PBXFileReference; lastKnownFileType = sourcecode.swift; path = TermsOfUseView.swift; sourceTree = "<group>"; };
		6374B8B5296D3B1900EA4242 /* isValidEmail.swift */ = {isa = PBXFileReference; lastKnownFileType = sourcecode.swift; path = isValidEmail.swift; sourceTree = "<group>"; };
		6374B8C3296DC78600EA4242 /* AuthResponse.swift */ = {isa = PBXFileReference; fileEncoding = 4; lastKnownFileType = sourcecode.swift; path = AuthResponse.swift; sourceTree = "<group>"; };
		6374B8C9296DD30000EA4242 /* AuthError.swift */ = {isa = PBXFileReference; lastKnownFileType = sourcecode.swift; name = AuthError.swift; path = ../../../../../../AuthError.swift; sourceTree = "<group>"; };
		6374B8CB296DDB5B00EA4242 /* DuplicatedResponse.swift */ = {isa = PBXFileReference; fileEncoding = 4; lastKnownFileType = sourcecode.swift; path = DuplicatedResponse.swift; sourceTree = "<group>"; };
		6374B8CD296DE2D400EA4242 /* AuthStore.swift */ = {isa = PBXFileReference; fileEncoding = 4; lastKnownFileType = sourcecode.swift; path = AuthStore.swift; sourceTree = "<group>"; };
		6374B8CF296DE99D00EA4242 /* SignInViewModel.swift */ = {isa = PBXFileReference; lastKnownFileType = sourcecode.swift; path = SignInViewModel.swift; sourceTree = "<group>"; };
		6374B8D1296DEF1500EA4242 /* ContentView.swift */ = {isa = PBXFileReference; lastKnownFileType = sourcecode.swift; path = ContentView.swift; sourceTree = "<group>"; };
		6374B8D5296E37EA00EA4242 /* SignUpViewModel.swift */ = {isa = PBXFileReference; lastKnownFileType = sourcecode.swift; path = SignUpViewModel.swift; sourceTree = "<group>"; };
		6374B8D7296E41B900EA4242 /* ResetPasswordView.swift */ = {isa = PBXFileReference; lastKnownFileType = sourcecode.swift; path = ResetPasswordView.swift; sourceTree = "<group>"; };
		6374B8D9296E44D200EA4242 /* ResetPasswordViewModel.swift */ = {isa = PBXFileReference; lastKnownFileType = sourcecode.swift; path = ResetPasswordViewModel.swift; sourceTree = "<group>"; };
		6374B8DB296E451A00EA4242 /* ResetPasswordResponse.swift */ = {isa = PBXFileReference; lastKnownFileType = sourcecode.swift; path = ResetPasswordResponse.swift; sourceTree = "<group>"; };
		63BDF6B6296CF2C6008B4147 /* MyBullet.app */ = {isa = PBXFileReference; explicitFileType = wrapper.application; includeInIndex = 0; path = MyBullet.app; sourceTree = BUILT_PRODUCTS_DIR; };
		63BDF6B9296CF2C6008B4147 /* MyBulletApp.swift */ = {isa = PBXFileReference; lastKnownFileType = sourcecode.swift; path = MyBulletApp.swift; sourceTree = "<group>"; };
		63BDF6BB296CF2C6008B4147 /* Keeping.swift */ = {isa = PBXFileReference; lastKnownFileType = sourcecode.swift; path = Keeping.swift; sourceTree = "<group>"; };
		63BDF6BD296CF2C7008B4147 /* Assets.xcassets */ = {isa = PBXFileReference; lastKnownFileType = folder.assetcatalog; path = Assets.xcassets; sourceTree = "<group>"; };
		63BDF6C0296CF2C7008B4147 /* Preview Assets.xcassets */ = {isa = PBXFileReference; lastKnownFileType = folder.assetcatalog; path = "Preview Assets.xcassets"; sourceTree = "<group>"; };
		63BDF6C2296CF2C7008B4147 /* Persistence.swift */ = {isa = PBXFileReference; lastKnownFileType = sourcecode.swift; path = Persistence.swift; sourceTree = "<group>"; };
		63BDF6C5296CF2C7008B4147 /* MyBullet.xcdatamodel */ = {isa = PBXFileReference; lastKnownFileType = wrapper.xcdatamodel; path = MyBullet.xcdatamodel; sourceTree = "<group>"; };
		63BDF6CC296CF346008B4147 /* SignInView.swift */ = {isa = PBXFileReference; lastKnownFileType = sourcecode.swift; path = SignInView.swift; sourceTree = "<group>"; };
		63BDF6D7296CF8D8008B4147 /* GoogleService-Info.plist */ = {isa = PBXFileReference; fileEncoding = 4; lastKnownFileType = text.plist.xml; path = "GoogleService-Info.plist"; sourceTree = "<group>"; };
		63BDF6D9296CFC0E008B4147 /* Info.plist */ = {isa = PBXFileReference; lastKnownFileType = text.plist.xml; path = Info.plist; sourceTree = "<group>"; };
/* End PBXFileReference section */

/* Begin PBXFrameworksBuildPhase section */
		63BDF6B3296CF2C6008B4147 /* Frameworks */ = {
			isa = PBXFrameworksBuildPhase;
			buildActionMask = 2147483647;
			files = (
				63BDF6D0296CF7F6008B4147 /* FirebaseAuth in Frameworks */,
				63BDF6D6296CF7F6008B4147 /* FirebaseStorage in Frameworks */,
				63BDF6D2296CF7F6008B4147 /* FirebaseFirestore in Frameworks */,
				63BDF6D4296CF7F6008B4147 /* FirebaseFirestoreSwift in Frameworks */,
			);
			runOnlyForDeploymentPostprocessing = 0;
		};
/* End PBXFrameworksBuildPhase section */

/* Begin PBXGroup section */
		6374B8AD296D090B00EA4242 /* extension */ = {
			isa = PBXGroup;
			children = (
				6374B8AE296D093500EA4242 /* AllignExtension.swift */,
			);
			path = extension;
			sourceTree = "<group>";
		};
		6374B8B4296D3B0400EA4242 /* function */ = {
			isa = PBXGroup;
			children = (
				6374B8B5296D3B1900EA4242 /* isValidEmail.swift */,
			);
			path = function;
			sourceTree = "<group>";
		};
		6374B8C1296DC69400EA4242 /* SignIn&SignUp */ = {
			isa = PBXGroup;
			children = (
				6374B8C2296DC76900EA4242 /* Model */,
				63BDF6DA296CFD35008B4147 /* View */,
			);
			path = "SignIn&SignUp";
			sourceTree = "<group>";
		};
		6374B8C2296DC76900EA4242 /* Model */ = {
			isa = PBXGroup;
			children = (
				6374B8C9296DD30000EA4242 /* AuthError.swift */,
				6374B8C3296DC78600EA4242 /* AuthResponse.swift */,
				6374B8CB296DDB5B00EA4242 /* DuplicatedResponse.swift */,
				6374B8DB296E451A00EA4242 /* ResetPasswordResponse.swift */,
				6374B8CD296DE2D400EA4242 /* AuthStore.swift */,
			);
			path = Model;
			sourceTree = "<group>";
		};
		63BDF6AD296CF2C6008B4147 = {
			isa = PBXGroup;
			children = (
				63BDF6D7296CF8D8008B4147 /* GoogleService-Info.plist */,
				63BDF6B8296CF2C6008B4147 /* MyBullet */,
				63BDF6B7296CF2C6008B4147 /* Products */,
			);
			sourceTree = "<group>";
		};
		63BDF6B7296CF2C6008B4147 /* Products */ = {
			isa = PBXGroup;
			children = (
				63BDF6B6296CF2C6008B4147 /* MyBullet.app */,
			);
			name = Products;
			sourceTree = "<group>";
		};
		63BDF6B8296CF2C6008B4147 /* MyBullet */ = {
			isa = PBXGroup;
			children = (
				63BDF6B9296CF2C6008B4147 /* MyBulletApp.swift */,
				6374B8D1296DEF1500EA4242 /* ContentView.swift */,
				63BDF6BB296CF2C6008B4147 /* Keeping.swift */,
				6374B8B4296D3B0400EA4242 /* function */,
				6374B8AD296D090B00EA4242 /* extension */,
				6374B8C1296DC69400EA4242 /* SignIn&SignUp */,
				63BDF6BD296CF2C7008B4147 /* Assets.xcassets */,
				63BDF6C2296CF2C7008B4147 /* Persistence.swift */,
				63BDF6C4296CF2C7008B4147 /* MyBullet.xcdatamodeld */,
				63BDF6D9296CFC0E008B4147 /* Info.plist */,
				63BDF6BF296CF2C7008B4147 /* Preview Content */,
			);
			path = MyBullet;
			sourceTree = "<group>";
		};
		63BDF6BF296CF2C7008B4147 /* Preview Content */ = {
			isa = PBXGroup;
			children = (
				63BDF6C0296CF2C7008B4147 /* Preview Assets.xcassets */,
			);
			path = "Preview Content";
			sourceTree = "<group>";
		};
		63BDF6DA296CFD35008B4147 /* View */ = {
			isa = PBXGroup;
			children = (
				63BDF6CC296CF346008B4147 /* SignInView.swift */,
				6374B8CF296DE99D00EA4242 /* SignInViewModel.swift */,
				6374B8B0296D239900EA4242 /* SignUpView.swift */,
				6374B8D5296E37EA00EA4242 /* SignUpViewModel.swift */,
				6374B8D7296E41B900EA4242 /* ResetPasswordView.swift */,
				6374B8D9296E44D200EA4242 /* ResetPasswordViewModel.swift */,
				6374B8B2296D2E8A00EA4242 /* TermsOfUseView.swift */,
			);
			path = View;
			sourceTree = "<group>";
		};
/* End PBXGroup section */

/* Begin PBXNativeTarget section */
		63BDF6B5296CF2C6008B4147 /* MyBullet */ = {
			isa = PBXNativeTarget;
			buildConfigurationList = 63BDF6C9296CF2C7008B4147 /* Build configuration list for PBXNativeTarget "MyBullet" */;
			buildPhases = (
				63BDF6B2296CF2C6008B4147 /* Sources */,
				63BDF6B3296CF2C6008B4147 /* Frameworks */,
				63BDF6B4296CF2C6008B4147 /* Resources */,
			);
			buildRules = (
			);
			dependencies = (
			);
			name = MyBullet;
			packageProductDependencies = (
				63BDF6CF296CF7F6008B4147 /* FirebaseAuth */,
				63BDF6D1296CF7F6008B4147 /* FirebaseFirestore */,
				63BDF6D3296CF7F6008B4147 /* FirebaseFirestoreSwift */,
				63BDF6D5296CF7F6008B4147 /* FirebaseStorage */,
			);
			productName = MyBullet;
			productReference = 63BDF6B6296CF2C6008B4147 /* MyBullet.app */;
			productType = "com.apple.product-type.application";
		};
/* End PBXNativeTarget section */

/* Begin PBXProject section */
		63BDF6AE296CF2C6008B4147 /* Project object */ = {
			isa = PBXProject;
			attributes = {
				BuildIndependentTargetsInParallel = 1;
				LastSwiftUpdateCheck = 1420;
				LastUpgradeCheck = 1420;
				TargetAttributes = {
					63BDF6B5296CF2C6008B4147 = {
						CreatedOnToolsVersion = 14.2;
					};
				};
			};
			buildConfigurationList = 63BDF6B1296CF2C6008B4147 /* Build configuration list for PBXProject "MyBullet" */;
			compatibilityVersion = "Xcode 14.0";
			developmentRegion = en;
			hasScannedForEncodings = 0;
			knownRegions = (
				en,
				Base,
			);
			mainGroup = 63BDF6AD296CF2C6008B4147;
			packageReferences = (
				63BDF6CE296CF7F6008B4147 /* XCRemoteSwiftPackageReference "firebase-ios-sdk" */,
			);
			productRefGroup = 63BDF6B7296CF2C6008B4147 /* Products */;
			projectDirPath = "";
			projectRoot = "";
			targets = (
				63BDF6B5296CF2C6008B4147 /* MyBullet */,
			);
		};
/* End PBXProject section */

/* Begin PBXResourcesBuildPhase section */
		63BDF6B4296CF2C6008B4147 /* Resources */ = {
			isa = PBXResourcesBuildPhase;
			buildActionMask = 2147483647;
			files = (
				63BDF6C1296CF2C7008B4147 /* Preview Assets.xcassets in Resources */,
				63BDF6BE296CF2C7008B4147 /* Assets.xcassets in Resources */,
				63BDF6D8296CF8D9008B4147 /* GoogleService-Info.plist in Resources */,
			);
			runOnlyForDeploymentPostprocessing = 0;
		};
/* End PBXResourcesBuildPhase section */

/* Begin PBXSourcesBuildPhase section */
		63BDF6B2296CF2C6008B4147 /* Sources */ = {
			isa = PBXSourcesBuildPhase;
			buildActionMask = 2147483647;
			files = (
				63BDF6C3296CF2C7008B4147 /* Persistence.swift in Sources */,
				63BDF6BC296CF2C6008B4147 /* Keeping.swift in Sources */,
				6374B8D6296E37EA00EA4242 /* SignUpViewModel.swift in Sources */,
				6374B8AF296D093500EA4242 /* AllignExtension.swift in Sources */,
				6374B8B1296D239900EA4242 /* SignUpView.swift in Sources */,
				6374B8B6296D3B1900EA4242 /* isValidEmail.swift in Sources */,
				6374B8C4296DC78600EA4242 /* AuthResponse.swift in Sources */,
				6374B8CC296DDB5B00EA4242 /* DuplicatedResponse.swift in Sources */,
				6374B8CE296DE2D400EA4242 /* AuthStore.swift in Sources */,
				6374B8D0296DE99D00EA4242 /* SignInViewModel.swift in Sources */,
				6374B8CA296DD30000EA4242 /* AuthError.swift in Sources */,
				6374B8DA296E44D200EA4242 /* ResetPasswordViewModel.swift in Sources */,
				6374B8DC296E451A00EA4242 /* ResetPasswordResponse.swift in Sources */,
				63BDF6CD296CF346008B4147 /* SignInView.swift in Sources */,
				6374B8D2296DEF1500EA4242 /* ContentView.swift in Sources */,
				63BDF6BA296CF2C6008B4147 /* MyBulletApp.swift in Sources */,
				63BDF6C6296CF2C7008B4147 /* MyBullet.xcdatamodeld in Sources */,
				6374B8B3296D2E8A00EA4242 /* TermsOfUseView.swift in Sources */,
				6374B8D8296E41BA00EA4242 /* ResetPasswordView.swift in Sources */,
			);
			runOnlyForDeploymentPostprocessing = 0;
		};
/* End PBXSourcesBuildPhase section */

/* Begin XCBuildConfiguration section */
		63BDF6C7296CF2C7008B4147 /* Debug */ = {
			isa = XCBuildConfiguration;
			buildSettings = {
				ALWAYS_SEARCH_USER_PATHS = NO;
				CLANG_ANALYZER_NONNULL = YES;
				CLANG_ANALYZER_NUMBER_OBJECT_CONVERSION = YES_AGGRESSIVE;
				CLANG_CXX_LANGUAGE_STANDARD = "gnu++20";
				CLANG_ENABLE_MODULES = YES;
				CLANG_ENABLE_OBJC_ARC = YES;
				CLANG_ENABLE_OBJC_WEAK = YES;
				CLANG_WARN_BLOCK_CAPTURE_AUTORELEASING = YES;
				CLANG_WARN_BOOL_CONVERSION = YES;
				CLANG_WARN_COMMA = YES;
				CLANG_WARN_CONSTANT_CONVERSION = YES;
				CLANG_WARN_DEPRECATED_OBJC_IMPLEMENTATIONS = YES;
				CLANG_WARN_DIRECT_OBJC_ISA_USAGE = YES_ERROR;
				CLANG_WARN_DOCUMENTATION_COMMENTS = YES;
				CLANG_WARN_EMPTY_BODY = YES;
				CLANG_WARN_ENUM_CONVERSION = YES;
				CLANG_WARN_INFINITE_RECURSION = YES;
				CLANG_WARN_INT_CONVERSION = YES;
				CLANG_WARN_NON_LITERAL_NULL_CONVERSION = YES;
				CLANG_WARN_OBJC_IMPLICIT_RETAIN_SELF = YES;
				CLANG_WARN_OBJC_LITERAL_CONVERSION = YES;
				CLANG_WARN_OBJC_ROOT_CLASS = YES_ERROR;
				CLANG_WARN_QUOTED_INCLUDE_IN_FRAMEWORK_HEADER = YES;
				CLANG_WARN_RANGE_LOOP_ANALYSIS = YES;
				CLANG_WARN_STRICT_PROTOTYPES = YES;
				CLANG_WARN_SUSPICIOUS_MOVE = YES;
				CLANG_WARN_UNGUARDED_AVAILABILITY = YES_AGGRESSIVE;
				CLANG_WARN_UNREACHABLE_CODE = YES;
				CLANG_WARN__DUPLICATE_METHOD_MATCH = YES;
				COPY_PHASE_STRIP = NO;
				DEBUG_INFORMATION_FORMAT = dwarf;
				ENABLE_STRICT_OBJC_MSGSEND = YES;
				ENABLE_TESTABILITY = YES;
				GCC_C_LANGUAGE_STANDARD = gnu11;
				GCC_DYNAMIC_NO_PIC = NO;
				GCC_NO_COMMON_BLOCKS = YES;
				GCC_OPTIMIZATION_LEVEL = 0;
				GCC_PREPROCESSOR_DEFINITIONS = (
					"DEBUG=1",
					"$(inherited)",
				);
				GCC_WARN_64_TO_32_BIT_CONVERSION = YES;
				GCC_WARN_ABOUT_RETURN_TYPE = YES_ERROR;
				GCC_WARN_UNDECLARED_SELECTOR = YES;
				GCC_WARN_UNINITIALIZED_AUTOS = YES_AGGRESSIVE;
				GCC_WARN_UNUSED_FUNCTION = YES;
				GCC_WARN_UNUSED_VARIABLE = YES;
				IPHONEOS_DEPLOYMENT_TARGET = 16.2;
				MTL_ENABLE_DEBUG_INFO = INCLUDE_SOURCE;
				MTL_FAST_MATH = YES;
				ONLY_ACTIVE_ARCH = YES;
				SDKROOT = iphoneos;
				SWIFT_ACTIVE_COMPILATION_CONDITIONS = DEBUG;
				SWIFT_OPTIMIZATION_LEVEL = "-Onone";
			};
			name = Debug;
		};
		63BDF6C8296CF2C7008B4147 /* Release */ = {
			isa = XCBuildConfiguration;
			buildSettings = {
				ALWAYS_SEARCH_USER_PATHS = NO;
				CLANG_ANALYZER_NONNULL = YES;
				CLANG_ANALYZER_NUMBER_OBJECT_CONVERSION = YES_AGGRESSIVE;
				CLANG_CXX_LANGUAGE_STANDARD = "gnu++20";
				CLANG_ENABLE_MODULES = YES;
				CLANG_ENABLE_OBJC_ARC = YES;
				CLANG_ENABLE_OBJC_WEAK = YES;
				CLANG_WARN_BLOCK_CAPTURE_AUTORELEASING = YES;
				CLANG_WARN_BOOL_CONVERSION = YES;
				CLANG_WARN_COMMA = YES;
				CLANG_WARN_CONSTANT_CONVERSION = YES;
				CLANG_WARN_DEPRECATED_OBJC_IMPLEMENTATIONS = YES;
				CLANG_WARN_DIRECT_OBJC_ISA_USAGE = YES_ERROR;
				CLANG_WARN_DOCUMENTATION_COMMENTS = YES;
				CLANG_WARN_EMPTY_BODY = YES;
				CLANG_WARN_ENUM_CONVERSION = YES;
				CLANG_WARN_INFINITE_RECURSION = YES;
				CLANG_WARN_INT_CONVERSION = YES;
				CLANG_WARN_NON_LITERAL_NULL_CONVERSION = YES;
				CLANG_WARN_OBJC_IMPLICIT_RETAIN_SELF = YES;
				CLANG_WARN_OBJC_LITERAL_CONVERSION = YES;
				CLANG_WARN_OBJC_ROOT_CLASS = YES_ERROR;
				CLANG_WARN_QUOTED_INCLUDE_IN_FRAMEWORK_HEADER = YES;
				CLANG_WARN_RANGE_LOOP_ANALYSIS = YES;
				CLANG_WARN_STRICT_PROTOTYPES = YES;
				CLANG_WARN_SUSPICIOUS_MOVE = YES;
				CLANG_WARN_UNGUARDED_AVAILABILITY = YES_AGGRESSIVE;
				CLANG_WARN_UNREACHABLE_CODE = YES;
				CLANG_WARN__DUPLICATE_METHOD_MATCH = YES;
				COPY_PHASE_STRIP = NO;
				DEBUG_INFORMATION_FORMAT = "dwarf-with-dsym";
				ENABLE_NS_ASSERTIONS = NO;
				ENABLE_STRICT_OBJC_MSGSEND = YES;
				GCC_C_LANGUAGE_STANDARD = gnu11;
				GCC_NO_COMMON_BLOCKS = YES;
				GCC_WARN_64_TO_32_BIT_CONVERSION = YES;
				GCC_WARN_ABOUT_RETURN_TYPE = YES_ERROR;
				GCC_WARN_UNDECLARED_SELECTOR = YES;
				GCC_WARN_UNINITIALIZED_AUTOS = YES_AGGRESSIVE;
				GCC_WARN_UNUSED_FUNCTION = YES;
				GCC_WARN_UNUSED_VARIABLE = YES;
				IPHONEOS_DEPLOYMENT_TARGET = 16.2;
				MTL_ENABLE_DEBUG_INFO = NO;
				MTL_FAST_MATH = YES;
				SDKROOT = iphoneos;
				SWIFT_COMPILATION_MODE = wholemodule;
				SWIFT_OPTIMIZATION_LEVEL = "-O";
				VALIDATE_PRODUCT = YES;
			};
			name = Release;
		};
		63BDF6CA296CF2C7008B4147 /* Debug */ = {
			isa = XCBuildConfiguration;
			buildSettings = {
				ASSETCATALOG_COMPILER_APPICON_NAME = AppIcon;
				ASSETCATALOG_COMPILER_GLOBAL_ACCENT_COLOR_NAME = AccentColor;
				CODE_SIGN_STYLE = Automatic;
				CURRENT_PROJECT_VERSION = 1;
				DEVELOPMENT_ASSET_PATHS = "\"MyBullet/Preview Content\"";
				DEVELOPMENT_TEAM = 39J2PNZP7V;
				ENABLE_PREVIEWS = YES;
				GENERATE_INFOPLIST_FILE = YES;
				INFOPLIST_FILE = MyBullet/Info.plist;
				INFOPLIST_KEY_UIApplicationSceneManifest_Generation = YES;
				INFOPLIST_KEY_UIApplicationSupportsIndirectInputEvents = YES;
				INFOPLIST_KEY_UILaunchScreen_Generation = YES;
				INFOPLIST_KEY_UISupportedInterfaceOrientations_iPad = "UIInterfaceOrientationPortrait UIInterfaceOrientationPortraitUpsideDown UIInterfaceOrientationLandscapeLeft UIInterfaceOrientationLandscapeRight";
				INFOPLIST_KEY_UISupportedInterfaceOrientations_iPhone = "UIInterfaceOrientationPortrait UIInterfaceOrientationLandscapeLeft UIInterfaceOrientationLandscapeRight";
				LD_RUNPATH_SEARCH_PATHS = (
					"$(inherited)",
					"@executable_path/Frameworks",
				);
				MARKETING_VERSION = 1.0;
				PRODUCT_BUNDLE_IDENTIFIER = LikeLion.MyBullet;
				PRODUCT_NAME = "$(TARGET_NAME)";
				SWIFT_EMIT_LOC_STRINGS = YES;
				SWIFT_VERSION = 5.0;
				TARGETED_DEVICE_FAMILY = "1,2";
			};
			name = Debug;
		};
		63BDF6CB296CF2C7008B4147 /* Release */ = {
			isa = XCBuildConfiguration;
			buildSettings = {
				ASSETCATALOG_COMPILER_APPICON_NAME = AppIcon;
				ASSETCATALOG_COMPILER_GLOBAL_ACCENT_COLOR_NAME = AccentColor;
				CODE_SIGN_STYLE = Automatic;
				CURRENT_PROJECT_VERSION = 1;
				DEVELOPMENT_ASSET_PATHS = "\"MyBullet/Preview Content\"";
				DEVELOPMENT_TEAM = 39J2PNZP7V;
				ENABLE_PREVIEWS = YES;
				GENERATE_INFOPLIST_FILE = YES;
				INFOPLIST_FILE = MyBullet/Info.plist;
				INFOPLIST_KEY_UIApplicationSceneManifest_Generation = YES;
				INFOPLIST_KEY_UIApplicationSupportsIndirectInputEvents = YES;
				INFOPLIST_KEY_UILaunchScreen_Generation = YES;
				INFOPLIST_KEY_UISupportedInterfaceOrientations_iPad = "UIInterfaceOrientationPortrait UIInterfaceOrientationPortraitUpsideDown UIInterfaceOrientationLandscapeLeft UIInterfaceOrientationLandscapeRight";
				INFOPLIST_KEY_UISupportedInterfaceOrientations_iPhone = "UIInterfaceOrientationPortrait UIInterfaceOrientationLandscapeLeft UIInterfaceOrientationLandscapeRight";
				LD_RUNPATH_SEARCH_PATHS = (
					"$(inherited)",
					"@executable_path/Frameworks",
				);
				MARKETING_VERSION = 1.0;
				PRODUCT_BUNDLE_IDENTIFIER = LikeLion.MyBullet;
				PRODUCT_NAME = "$(TARGET_NAME)";
				SWIFT_EMIT_LOC_STRINGS = YES;
				SWIFT_VERSION = 5.0;
				TARGETED_DEVICE_FAMILY = "1,2";
			};
			name = Release;
		};
/* End XCBuildConfiguration section */

/* Begin XCConfigurationList section */
		63BDF6B1296CF2C6008B4147 /* Build configuration list for PBXProject "MyBullet" */ = {
			isa = XCConfigurationList;
			buildConfigurations = (
				63BDF6C7296CF2C7008B4147 /* Debug */,
				63BDF6C8296CF2C7008B4147 /* Release */,
			);
			defaultConfigurationIsVisible = 0;
			defaultConfigurationName = Release;
		};
		63BDF6C9296CF2C7008B4147 /* Build configuration list for PBXNativeTarget "MyBullet" */ = {
			isa = XCConfigurationList;
			buildConfigurations = (
				63BDF6CA296CF2C7008B4147 /* Debug */,
				63BDF6CB296CF2C7008B4147 /* Release */,
			);
			defaultConfigurationIsVisible = 0;
			defaultConfigurationName = Release;
		};
/* End XCConfigurationList section */

/* Begin XCRemoteSwiftPackageReference section */
		63BDF6CE296CF7F6008B4147 /* XCRemoteSwiftPackageReference "firebase-ios-sdk" */ = {
			isa = XCRemoteSwiftPackageReference;
			repositoryURL = "https://github.com/firebase/firebase-ios-sdk";
			requirement = {
				kind = upToNextMajorVersion;
				minimumVersion = 9.0.0;
			};
		};
/* End XCRemoteSwiftPackageReference section */

/* Begin XCSwiftPackageProductDependency section */
		63BDF6CF296CF7F6008B4147 /* FirebaseAuth */ = {
			isa = XCSwiftPackageProductDependency;
			package = 63BDF6CE296CF7F6008B4147 /* XCRemoteSwiftPackageReference "firebase-ios-sdk" */;
			productName = FirebaseAuth;
		};
		63BDF6D1296CF7F6008B4147 /* FirebaseFirestore */ = {
			isa = XCSwiftPackageProductDependency;
			package = 63BDF6CE296CF7F6008B4147 /* XCRemoteSwiftPackageReference "firebase-ios-sdk" */;
			productName = FirebaseFirestore;
		};
		63BDF6D3296CF7F6008B4147 /* FirebaseFirestoreSwift */ = {
			isa = XCSwiftPackageProductDependency;
			package = 63BDF6CE296CF7F6008B4147 /* XCRemoteSwiftPackageReference "firebase-ios-sdk" */;
			productName = FirebaseFirestoreSwift;
		};
		63BDF6D5296CF7F6008B4147 /* FirebaseStorage */ = {
			isa = XCSwiftPackageProductDependency;
			package = 63BDF6CE296CF7F6008B4147 /* XCRemoteSwiftPackageReference "firebase-ios-sdk" */;
			productName = FirebaseStorage;
		};
/* End XCSwiftPackageProductDependency section */

/* Begin XCVersionGroup section */
		63BDF6C4296CF2C7008B4147 /* MyBullet.xcdatamodeld */ = {
			isa = XCVersionGroup;
			children = (
				63BDF6C5296CF2C7008B4147 /* MyBullet.xcdatamodel */,
			);
			currentVersion = 63BDF6C5296CF2C7008B4147 /* MyBullet.xcdatamodel */;
			path = MyBullet.xcdatamodeld;
			sourceTree = "<group>";
			versionGroupType = wrapper.xcdatamodel;
		};
/* End XCVersionGroup section */
	};
	rootObject = 63BDF6AE296CF2C6008B4147 /* Project object */;
}
